
Microsoft Visual Studio Solution File, Format Version 12.00
# Visual Studio 14
VisualStudioVersion = 14.0.25420.1
MinimumVisualStudioVersion = 10.0.40219.1
Project("{FAE04EC0-301F-11D3-BF4B-00C04F79EFBC}") = "xamarinFCM", "xamarinFCM.csproj", "{EF74F17D-A5DA-4F87-94C1-E178E86CF30D}"
EndProject
Global
	GlobalSection(SolutionConfigurationPlatforms) = preSolution
		Debug|Any CPU = Debug|Any CPU
		Release|Any CPU = Release|Any CPU
	EndGlobalSection
	GlobalSection(ProjectConfigurationPlatforms) = postSolution
		{EF74F17D-A5DA-4F87-94C1-E178E86CF30D}.Debug|Any CPU.ActiveCfg = Debug|Any CPU
		{EF74F17D-A5DA-4F87-94C1-E178E86CF30D}.Debug|Any CPU.Build.0 = Debug|Any CPU
		{EF74F17D-A5DA-4F87-94C1-E178E86CF30D}.Debug|Any CPU.Deploy.0 = Debug|Any CPU
		{EF74F17D-A5DA-4F87-94C1-E178E86CF30D}.Release|Any CPU.ActiveCfg = Release|Any CPU
		{EF74F17D-A5DA-4F87-94C1-E178E86CF30D}.Release|Any CPU.Build.0 = Release|Any CPU
		{EF74F17D-A5DA-4F87-94C1-E178E86CF30D}.Release|Any CPU.Deploy.0 = Release|Any CPU
	EndGlobalSection
	GlobalSection(SolutionProperties) = preSolution
		HideSolutionNode = FALSE
	EndGlobalSection
EndGlobal
